
Microsoft Visual Studio Solution File, Format Version 12.00
# Visual Studio Version 17
VisualStudioVersion = 17.5.33627.172
MinimumVisualStudioVersion = 10.0.40219.1
Project("{FAE04EC0-301F-11D3-BF4B-00C04F79EFBC}") = "CNRBShop", "CNRBShop.csproj", "{804B9C8B-54E6-458D-B5FD-CE7C02127A6F}"
EndProject
Global
	GlobalSection(SolutionConfigurationPlatforms) = preSolution
		Debug|Any CPU = Debug|Any CPU
		Release|Any CPU = Release|Any CPU
	EndGlobalSection
	GlobalSection(ProjectConfigurationPlatforms) = postSolution
		{804B9C8B-54E6-458D-B5FD-CE7C02127A6F}.Debug|Any CPU.ActiveCfg = Debug|Any CPU
		{804B9C8B-54E6-458D-B5FD-CE7C02127A6F}.Debug|Any CPU.Build.0 = Debug|Any CPU
		{804B9C8B-54E6-458D-B5FD-CE7C02127A6F}.Release|Any CPU.ActiveCfg = Release|Any CPU
		{804B9C8B-54E6-458D-B5FD-CE7C02127A6F}.Release|Any CPU.Build.0 = Release|Any CPU
	EndGlobalSection
	GlobalSection(SolutionProperties) = preSolution
		HideSolutionNode = FALSE
	EndGlobalSection
	GlobalSection(ExtensibilityGlobals) = postSolution
		SolutionGuid = {CA2BFBA6-61F3-4838-8EAF-118F1BAB5AFD}
	EndGlobalSection
EndGlobal
